
Microsoft Visual Studio Solution File, Format Version 12.00
# Visual Studio Version 17
VisualStudioVersion = 17.5.002.0
MinimumVisualStudioVersion = 10.0.40219.1
Project("{9A19103F-16F7-4668-BE54-9A1E7A4F7556}") = "GoodHamburgerAPI", "GoodHamburgerAPI.csproj", "{B135B7B3-CB23-4C74-A75C-5D6F31532883}"
EndProject
Global
	GlobalSection(SolutionConfigurationPlatforms) = preSolution
		Debug|Any CPU = Debug|Any CPU
		Release|Any CPU = Release|Any CPU
	EndGlobalSection
	GlobalSection(ProjectConfigurationPlatforms) = postSolution
		{B135B7B3-CB23-4C74-A75C-5D6F31532883}.Debug|Any CPU.ActiveCfg = Debug|Any CPU
		{B135B7B3-CB23-4C74-A75C-5D6F31532883}.Debug|Any CPU.Build.0 = Debug|Any CPU
		{B135B7B3-CB23-4C74-A75C-5D6F31532883}.Release|Any CPU.ActiveCfg = Release|Any CPU
		{B135B7B3-CB23-4C74-A75C-5D6F31532883}.Release|Any CPU.Build.0 = Release|Any CPU
	EndGlobalSection
	GlobalSection(SolutionProperties) = preSolution
		HideSolutionNode = FALSE
	EndGlobalSection
	GlobalSection(ExtensibilityGlobals) = postSolution
		SolutionGuid = {7A24CEF2-FCFD-4226-A1D4-4D4C5C356191}
	EndGlobalSection
EndGlobal
